// !$*UTF8*$!
{
	archiveVersion = 1;
	classes = {
	};
	objectVersion = 77;
	objects = {

/* Begin PBXBuildFile section */
		1ED1B55D2F858245002C87AC /* phrases.json in Resources */ = {isa = PBXBuildFile; fileRef = 1ED1B55C2F85823C002C87AC /* phrases.json */; };
		1ED1B55F2F858250002C87AC /* autors.json in Resources */ = {isa = PBXBuildFile; fileRef = 1ED1B55E2F858249002C87AC /* autors.json */; };
		1ED1B5612F85825B002C87AC /* categories.json in Resources */ = {isa = PBXBuildFile; fileRef = 1ED1B5602F858253002C87AC /* categories.json */; };
		1ED1B5642F8582BF002C87AC /* JSONLoader.swift in Sources */ = {isa = PBXBuildFile; fileRef = 1ED1B5632F8582B3002C87AC /* JSONLoader.swift */; };
		C3DF3A132F875EA800138E45 /* ShareHelper.swift in Sources */ = {isa = PBXBuildFile; fileRef = C3DF3A122F875E9F00138E45 /* ShareHelper.swift */; };
		E861AAAC2F8730070095BBF2 /* LaunchScreen.storyboard in Resources */ = {isa = PBXBuildFile; fileRef = E861AAAB2F8730070095BBF2 /* LaunchScreen.storyboard */; };
		E861AAAD2F8730070095BBF2 /* LaunchScreen.storyboard in Resources */ = {isa = PBXBuildFile; fileRef = E861AAAB2F8730070095BBF2 /* LaunchScreen.storyboard */; };
		E881CC042F86C6710009427A /* SwipeableQuoteViewDes.swift in Sources */ = {isa = PBXBuildFile; fileRef = E881CC032F86C6710009427A /* SwipeableQuoteViewDes.swift */; };
		E8B6522B2F857C0D00313333 /* PhraseView.swift in Sources */ = {isa = PBXBuildFile; fileRef = E8B6522A2F857C0D00313333 /* PhraseView.swift */; };
		E8B6522E2F857C3A00313333 /* Color.swift in Sources */ = {isa = PBXBuildFile; fileRef = E8B6522D2F857C3A00313333 /* Color.swift */; };
		E8B652302F85825100313333 /* PhraseViewViewModel.swift in Sources */ = {isa = PBXBuildFile; fileRef = E8B6522F2F85825100313333 /* PhraseViewViewModel.swift */; };
		E96B35692F8573F5000266D3 /* Assets.xcassets in Resources */ = {isa = PBXBuildFile; fileRef = E96B35642F8573F5000266D3 /* Assets.xcassets */; };
		E96B356A2F8573F5000266D3 /* ContentView.swift in Sources */ = {isa = PBXBuildFile; fileRef = E96B35652F8573F5000266D3 /* ContentView.swift */; };
		E96B356B2F8573F5000266D3 /* FrasesMotivacionalesApp.swift in Sources */ = {isa = PBXBuildFile; fileRef = E96B35662F8573F5000266D3 /* FrasesMotivacionalesApp.swift */; };
		E96B356C2F8573F5000266D3 /* Item.swift in Sources */ = {isa = PBXBuildFile; fileRef = E96B35672F8573F5000266D3 /* Item.swift */; };
		E96B35712F85743D000266D3 /* Categoria.swift in Sources */ = {isa = PBXBuildFile; fileRef = E96B35702F85743D000266D3 /* Categoria.swift */; };
		E96B35732F857449000266D3 /* Autor.swift in Sources */ = {isa = PBXBuildFile; fileRef = E96B35722F857449000266D3 /* Autor.swift */; };
		E96B35752F85744B000266D3 /* Frases.swift in Sources */ = {isa = PBXBuildFile; fileRef = E96B35742F85744B000266D3 /* Frases.swift */; };
		E96B35792F8576B1000266D3 /* FrasesRepository.swift in Sources */ = {isa = PBXBuildFile; fileRef = E96B35782F8576B1000266D3 /* FrasesRepository.swift */; };
		E96B357B2F857751000266D3 /* FrasesModel.swift in Sources */ = {isa = PBXBuildFile; fileRef = E96B357A2F857751000266D3 /* FrasesModel.swift */; };
		E96B357F2F85776A000266D3 /* CategoriasModel.swift in Sources */ = {isa = PBXBuildFile; fileRef = E96B357E2F85776A000266D3 /* CategoriasModel.swift */; };
		E96B35812F85776B000266D3 /* AutorModel.swift in Sources */ = {isa = PBXBuildFile; fileRef = E96B35802F85776B000266D3 /* AutorModel.swift */; };
/* End PBXBuildFile section */

/* Begin PBXContainerItemProxy section */
		E86622A92F84230B0005E5AF /* PBXContainerItemProxy */ = {
			isa = PBXContainerItemProxy;
			containerPortal = E86622912F84230A0005E5AF /* Project object */;
			proxyType = 1;
			remoteGlobalIDString = E86622982F84230A0005E5AF;
			remoteInfo = FrasesMotivacionales;
		};
		E86622B32F84230B0005E5AF /* PBXContainerItemProxy */ = {
			isa = PBXContainerItemProxy;
			containerPortal = E86622912F84230A0005E5AF /* Project object */;
			proxyType = 1;
			remoteGlobalIDString = E86622982F84230A0005E5AF;
			remoteInfo = FrasesMotivacionales;
		};
/* End PBXContainerItemProxy section */

/* Begin PBXFileReference section */
		1ED1B55C2F85823C002C87AC /* phrases.json */ = {isa = PBXFileReference; lastKnownFileType = text.json; path = phrases.json; sourceTree = "<group>"; };
		1ED1B55E2F858249002C87AC /* autors.json */ = {isa = PBXFileReference; lastKnownFileType = text.json; path = autors.json; sourceTree = "<group>"; };
		1ED1B5602F858253002C87AC /* categories.json */ = {isa = PBXFileReference; lastKnownFileType = text.json; path = categories.json; sourceTree = "<group>"; };
		1ED1B5632F8582B3002C87AC /* JSONLoader.swift */ = {isa = PBXFileReference; lastKnownFileType = sourcecode.swift; path = JSONLoader.swift; sourceTree = "<group>"; };
		C3DF3A122F875E9F00138E45 /* ShareHelper.swift */ = {isa = PBXFileReference; lastKnownFileType = sourcecode.swift; path = ShareHelper.swift; sourceTree = "<group>"; };
		E861AAAB2F8730070095BBF2 /* LaunchScreen.storyboard */ = {isa = PBXFileReference; lastKnownFileType = file.storyboard; path = LaunchScreen.storyboard; sourceTree = "<group>"; };
		E86622992F84230A0005E5AF /* FrasesMotivacionales.app */ = {isa = PBXFileReference; explicitFileType = wrapper.application; includeInIndex = 0; path = FrasesMotivacionales.app; sourceTree = BUILT_PRODUCTS_DIR; };
		E86622A82F84230B0005E5AF /* FrasesMotivacionalesTests.xctest */ = {isa = PBXFileReference; explicitFileType = wrapper.cfbundle; includeInIndex = 0; path = FrasesMotivacionalesTests.xctest; sourceTree = BUILT_PRODUCTS_DIR; };
		E86622B22F84230B0005E5AF /* FrasesMotivacionalesUITests.xctest */ = {isa = PBXFileReference; explicitFileType = wrapper.cfbundle; includeInIndex = 0; path = FrasesMotivacionalesUITests.xctest; sourceTree = BUILT_PRODUCTS_DIR; };
		E881CC032F86C6710009427A /* SwipeableQuoteViewDes.swift */ = {isa = PBXFileReference; lastKnownFileType = sourcecode.swift; path = SwipeableQuoteViewDes.swift; sourceTree = "<group>"; };
		E8B6522A2F857C0D00313333 /* PhraseView.swift */ = {isa = PBXFileReference; lastKnownFileType = sourcecode.swift; path = PhraseView.swift; sourceTree = "<group>"; };
		E8B6522D2F857C3A00313333 /* Color.swift */ = {isa = PBXFileReference; lastKnownFileType = sourcecode.swift; path = Color.swift; sourceTree = "<group>"; };
		E8B6522F2F85825100313333 /* PhraseViewViewModel.swift */ = {isa = PBXFileReference; lastKnownFileType = sourcecode.swift; path = PhraseViewViewModel.swift; sourceTree = "<group>"; };
		E96B35642F8573F5000266D3 /* Assets.xcassets */ = {isa = PBXFileReference; lastKnownFileType = folder.assetcatalog; path = Assets.xcassets; sourceTree = "<group>"; };
		E96B35652F8573F5000266D3 /* ContentView.swift */ = {isa = PBXFileReference; lastKnownFileType = sourcecode.swift; path = ContentView.swift; sourceTree = "<group>"; };
		E96B35662F8573F5000266D3 /* FrasesMotivacionalesApp.swift */ = {isa = PBXFileReference; lastKnownFileType = sourcecode.swift; path = FrasesMotivacionalesApp.swift; sourceTree = "<group>"; };
		E96B35672F8573F5000266D3 /* Item.swift */ = {isa = PBXFileReference; lastKnownFileType = sourcecode.swift; path = Item.swift; sourceTree = "<group>"; };
		E96B35702F85743D000266D3 /* Categoria.swift */ = {isa = PBXFileReference; lastKnownFileType = sourcecode.swift; path = Categoria.swift; sourceTree = "<group>"; };
		E96B35722F857449000266D3 /* Autor.swift */ = {isa = PBXFileReference; lastKnownFileType = sourcecode.swift; path = Autor.swift; sourceTree = "<group>"; };
		E96B35742F85744B000266D3 /* Frases.swift */ = {isa = PBXFileReference; lastKnownFileType = sourcecode.swift; path = Frases.swift; sourceTree = "<group>"; };
		E96B35782F8576B1000266D3 /* FrasesRepository.swift */ = {isa = PBXFileReference; lastKnownFileType = sourcecode.swift; path = FrasesRepository.swift; sourceTree = "<group>"; };
		E96B357A2F857751000266D3 /* FrasesModel.swift */ = {isa = PBXFileReference; lastKnownFileType = sourcecode.swift; path = FrasesModel.swift; sourceTree = "<group>"; };
		E96B357E2F85776A000266D3 /* CategoriasModel.swift */ = {isa = PBXFileReference; lastKnownFileType = sourcecode.swift; path = CategoriasModel.swift; sourceTree = "<group>"; };
		E96B35802F85776B000266D3 /* AutorModel.swift */ = {isa = PBXFileReference; lastKnownFileType = sourcecode.swift; path = AutorModel.swift; sourceTree = "<group>"; };
/* End PBXFileReference section */

/* Begin PBXFileSystemSynchronizedRootGroup section */
		E86622AB2F84230B0005E5AF /* FrasesMotivacionalesTests */ = {
			isa = PBXFileSystemSynchronizedRootGroup;
			path = FrasesMotivacionalesTests;
			sourceTree = "<group>";
		};
		E86622B52F84230B0005E5AF /* FrasesMotivacionalesUITests */ = {
			isa = PBXFileSystemSynchronizedRootGroup;
			path = FrasesMotivacionalesUITests;
			sourceTree = "<group>";
		};
/* End PBXFileSystemSynchronizedRootGroup section */

/* Begin PBXFrameworksBuildPhase section */
		E86622962F84230A0005E5AF /* Frameworks */ = {
			isa = PBXFrameworksBuildPhase;
			buildActionMask = 2147483647;
			files = (
			);
			runOnlyForDeploymentPostprocessing = 0;
		};
		E86622A52F84230B0005E5AF /* Frameworks */ = {
			isa = PBXFrameworksBuildPhase;
			buildActionMask = 2147483647;
			files = (
			);
			runOnlyForDeploymentPostprocessing = 0;
		};
		E86622AF2F84230B0005E5AF /* Frameworks */ = {
			isa = PBXFrameworksBuildPhase;
			buildActionMask = 2147483647;
			files = (
			);
			runOnlyForDeploymentPostprocessing = 0;
		};
/* End PBXFrameworksBuildPhase section */

/* Begin PBXGroup section */
		1ED1B55B2F858232002C87AC /* Resource */ = {
			isa = PBXGroup;
			children = (
				1ED1B5602F858253002C87AC /* categories.json */,
				1ED1B55E2F858249002C87AC /* autors.json */,
				1ED1B55C2F85823C002C87AC /* phrases.json */,
			);
			path = Resource;
			sourceTree = "<group>";
		};
		1ED1B5622F85829A002C87AC /* Utils */ = {
			isa = PBXGroup;
			children = (
				1ED1B5632F8582B3002C87AC /* JSONLoader.swift */,
				C3DF3A122F875E9F00138E45 /* ShareHelper.swift */,
			);
			path = Utils;
			sourceTree = "<group>";
		};
		E86622902F84230A0005E5AF = {
			isa = PBXGroup;
			children = (
				E861AAAB2F8730070095BBF2 /* LaunchScreen.storyboard */,
				E96B35682F8573F5000266D3 /* FrasesMotivacionales */,
				E86622AB2F84230B0005E5AF /* FrasesMotivacionalesTests */,
				E86622B52F84230B0005E5AF /* FrasesMotivacionalesUITests */,
				E866229A2F84230A0005E5AF /* Products */,
			);
			sourceTree = "<group>";
		};
		E866229A2F84230A0005E5AF /* Products */ = {
			isa = PBXGroup;
			children = (
				E86622992F84230A0005E5AF /* FrasesMotivacionales.app */,
				E86622A82F84230B0005E5AF /* FrasesMotivacionalesTests.xctest */,
				E86622B22F84230B0005E5AF /* FrasesMotivacionalesUITests.xctest */,
			);
			name = Products;
			sourceTree = "<group>";
		};
		E8B6522C2F857C2000313333 /* Extension */ = {
			isa = PBXGroup;
			children = (
				E8B6522D2F857C3A00313333 /* Color.swift */,
			);
			path = Extension;
			sourceTree = "<group>";
		};
		E96B35682F8573F5000266D3 /* FrasesMotivacionales */ = {
			isa = PBXGroup;
			children = (
				E8B6522C2F857C2000313333 /* Extension */,
				1ED1B5622F85829A002C87AC /* Utils */,
				1ED1B55B2F858232002C87AC /* Resource */,
				E96B356F2F857422000266D3 /* Models */,
				E96B356E2F857408000266D3 /* Entitys */,
				E96B356D2F8573F7000266D3 /* Repository */,
				E96B35642F8573F5000266D3 /* Assets.xcassets */,
				E96B35652F8573F5000266D3 /* ContentView.swift */,
				E96B35662F8573F5000266D3 /* FrasesMotivacionalesApp.swift */,
				E96B35672F8573F5000266D3 /* Item.swift */,
				E8B6522A2F857C0D00313333 /* PhraseView.swift */,
				E8B6522F2F85825100313333 /* PhraseViewViewModel.swift */,
				E881CC032F86C6710009427A /* SwipeableQuoteViewDes.swift */,
			);
			path = FrasesMotivacionales;
			sourceTree = "<group>";
		};
		E96B356D2F8573F7000266D3 /* Repository */ = {
			isa = PBXGroup;
			children = (
				E96B35782F8576B1000266D3 /* FrasesRepository.swift */,
			);
			path = Repository;
			sourceTree = "<group>";
		};
		E96B356E2F857408000266D3 /* Entitys */ = {
			isa = PBXGroup;
			children = (
				E96B35702F85743D000266D3 /* Categoria.swift */,
				E96B35722F857449000266D3 /* Autor.swift */,
				E96B35742F85744B000266D3 /* Frases.swift */,
			);
			path = Entitys;
			sourceTree = "<group>";
		};
		E96B356F2F857422000266D3 /* Models */ = {
			isa = PBXGroup;
			children = (
				E96B357A2F857751000266D3 /* FrasesModel.swift */,
				E96B357E2F85776A000266D3 /* CategoriasModel.swift */,
				E96B35802F85776B000266D3 /* AutorModel.swift */,
			);
			path = Models;
			sourceTree = "<group>";
		};
/* End PBXGroup section */

/* Begin PBXNativeTarget section */
		E86622982F84230A0005E5AF /* FrasesMotivacionales */ = {
			isa = PBXNativeTarget;
			buildConfigurationList = E86622BC2F84230B0005E5AF /* Build configuration list for PBXNativeTarget "FrasesMotivacionales" */;
			buildPhases = (
				E86622952F84230A0005E5AF /* Sources */,
				E86622962F84230A0005E5AF /* Frameworks */,
				E86622972F84230A0005E5AF /* Resources */,
			);
			buildRules = (
			);
			dependencies = (
			);
			name = FrasesMotivacionales;
			packageProductDependencies = (
			);
			productName = FrasesMotivacionales;
			productReference = E86622992F84230A0005E5AF /* FrasesMotivacionales.app */;
			productType = "com.apple.product-type.application";
		};
		E86622A72F84230B0005E5AF /* FrasesMotivacionalesTests */ = {
			isa = PBXNativeTarget;
			buildConfigurationList = E86622BF2F84230B0005E5AF /* Build configuration list for PBXNativeTarget "FrasesMotivacionalesTests" */;
			buildPhases = (
				E86622A42F84230B0005E5AF /* Sources */,
				E86622A52F84230B0005E5AF /* Frameworks */,
				E86622A62F84230B0005E5AF /* Resources */,
			);
			buildRules = (
			);
			dependencies = (
				E86622AA2F84230B0005E5AF /* PBXTargetDependency */,
			);
			fileSystemSynchronizedGroups = (
				E86622AB2F84230B0005E5AF /* FrasesMotivacionalesTests */,
			);
			name = FrasesMotivacionalesTests;
			packageProductDependencies = (
			);
			productName = FrasesMotivacionalesTests;
			productReference = E86622A82F84230B0005E5AF /* FrasesMotivacionalesTests.xctest */;
			productType = "com.apple.product-type.bundle.unit-test";
		};
		E86622B12F84230B0005E5AF /* FrasesMotivacionalesUITests */ = {
			isa = PBXNativeTarget;
			buildConfigurationList = E86622C22F84230B0005E5AF /* Build configuration list for PBXNativeTarget "FrasesMotivacionalesUITests" */;
			buildPhases = (
				E86622AE2F84230B0005E5AF /* Sources */,
				E86622AF2F84230B0005E5AF /* Frameworks */,
				E86622B02F84230B0005E5AF /* Resources */,
			);
			buildRules = (
			);
			dependencies = (
				E86622B42F84230B0005E5AF /* PBXTargetDependency */,
			);
			fileSystemSynchronizedGroups = (
				E86622B52F84230B0005E5AF /* FrasesMotivacionalesUITests */,
			);
			name = FrasesMotivacionalesUITests;
			packageProductDependencies = (
			);
			productName = FrasesMotivacionalesUITests;
			productReference = E86622B22F84230B0005E5AF /* FrasesMotivacionalesUITests.xctest */;
			productType = "com.apple.product-type.bundle.ui-testing";
		};
/* End PBXNativeTarget section */

/* Begin PBXProject section */
		E86622912F84230A0005E5AF /* Project object */ = {
			isa = PBXProject;
			attributes = {
				BuildIndependentTargetsInParallel = 1;
				LastSwiftUpdateCheck = 2600;
				LastUpgradeCheck = 2600;
				TargetAttributes = {
					E86622982F84230A0005E5AF = {
						CreatedOnToolsVersion = 26.0.1;
					};
					E86622A72F84230B0005E5AF = {
						CreatedOnToolsVersion = 26.0.1;
						TestTargetID = E86622982F84230A0005E5AF;
					};
					E86622B12F84230B0005E5AF = {
						CreatedOnToolsVersion = 26.0.1;
						TestTargetID = E86622982F84230A0005E5AF;
					};
				};
			};
			buildConfigurationList = E86622942F84230A0005E5AF /* Build configuration list for PBXProject "FrasesMotivacionales" */;
			developmentRegion = en;
			hasScannedForEncodings = 0;
			knownRegions = (
				en,
				Base,
			);
			mainGroup = E86622902F84230A0005E5AF;
			minimizedProjectReferenceProxies = 1;
			preferredProjectObjectVersion = 77;
			productRefGroup = E866229A2F84230A0005E5AF /* Products */;
			projectDirPath = "";
			projectRoot = "";
			targets = (
				E86622982F84230A0005E5AF /* FrasesMotivacionales */,
				E86622A72F84230B0005E5AF /* FrasesMotivacionalesTests */,
				E86622B12F84230B0005E5AF /* FrasesMotivacionalesUITests */,
			);
		};
/* End PBXProject section */

/* Begin PBXResourcesBuildPhase section */
		E86622972F84230A0005E5AF /* Resources */ = {
			isa = PBXResourcesBuildPhase;
			buildActionMask = 2147483647;
			files = (
				1ED1B55D2F858245002C87AC /* phrases.json in Resources */,
				1ED1B5612F85825B002C87AC /* categories.json in Resources */,
				E96B35692F8573F5000266D3 /* Assets.xcassets in Resources */,
				E861AAAD2F8730070095BBF2 /* LaunchScreen.storyboard in Resources */,
				1ED1B55F2F858250002C87AC /* autors.json in Resources */,
			);
			runOnlyForDeploymentPostprocessing = 0;
		};
		E86622A62F84230B0005E5AF /* Resources */ = {
			isa = PBXResourcesBuildPhase;
			buildActionMask = 2147483647;
			files = (
				E861AAAC2F8730070095BBF2 /* LaunchScreen.storyboard in Resources */,
			);
			runOnlyForDeploymentPostprocessing = 0;
		};
		E86622B02F84230B0005E5AF /* Resources */ = {
			isa = PBXResourcesBuildPhase;
			buildActionMask = 2147483647;
			files = (
			);
			runOnlyForDeploymentPostprocessing = 0;
		};
/* End PBXResourcesBuildPhase section */

/* Begin PBXSourcesBuildPhase section */
		E86622952F84230A0005E5AF /* Sources */ = {
			isa = PBXSourcesBuildPhase;
			buildActionMask = 2147483647;
			files = (
				E96B356A2F8573F5000266D3 /* ContentView.swift in Sources */,
				E8B6522B2F857C0D00313333 /* PhraseView.swift in Sources */,
				E96B35712F85743D000266D3 /* Categoria.swift in Sources */,
				E881CC042F86C6710009427A /* SwipeableQuoteViewDes.swift in Sources */,
				1ED1B5642F8582BF002C87AC /* JSONLoader.swift in Sources */,
				E96B357B2F857751000266D3 /* FrasesModel.swift in Sources */,
				E8B6522E2F857C3A00313333 /* Color.swift in Sources */,
				E96B356B2F8573F5000266D3 /* FrasesMotivacionalesApp.swift in Sources */,
				E96B35732F857449000266D3 /* Autor.swift in Sources */,
				C3DF3A132F875EA800138E45 /* ShareHelper.swift in Sources */,
				E96B35792F8576B1000266D3 /* FrasesRepository.swift in Sources */,
				E96B357F2F85776A000266D3 /* CategoriasModel.swift in Sources */,
				E96B356C2F8573F5000266D3 /* Item.swift in Sources */,
				E8B652302F85825100313333 /* PhraseViewViewModel.swift in Sources */,
				E96B35752F85744B000266D3 /* Frases.swift in Sources */,
				E96B35812F85776B000266D3 /* AutorModel.swift in Sources */,
			);
			runOnlyForDeploymentPostprocessing = 0;
		};
		E86622A42F84230B0005E5AF /* Sources */ = {
			isa = PBXSourcesBuildPhase;
			buildActionMask = 2147483647;
			files = (
			);
			runOnlyForDeploymentPostprocessing = 0;
		};
		E86622AE2F84230B0005E5AF /* Sources */ = {
			isa = PBXSourcesBuildPhase;
			buildActionMask = 2147483647;
			files = (
			);
			runOnlyForDeploymentPostprocessing = 0;
		};
/* End PBXSourcesBuildPhase section */

/* Begin PBXTargetDependency section */
		E86622AA2F84230B0005E5AF /* PBXTargetDependency */ = {
			isa = PBXTargetDependency;
			target = E86622982F84230A0005E5AF /* FrasesMotivacionales */;
			targetProxy = E86622A92F84230B0005E5AF /* PBXContainerItemProxy */;
		};
		E86622B42F84230B0005E5AF /* PBXTargetDependency */ = {
			isa = PBXTargetDependency;
			target = E86622982F84230A0005E5AF /* FrasesMotivacionales */;
			targetProxy = E86622B32F84230B0005E5AF /* PBXContainerItemProxy */;
		};
/* End PBXTargetDependency section */

/* Begin XCBuildConfiguration section */
		E86622BA2F84230B0005E5AF /* Debug */ = {
			isa = XCBuildConfiguration;
			buildSettings = {
				ALWAYS_SEARCH_USER_PATHS = NO;
				ASSETCATALOG_COMPILER_GENERATE_SWIFT_ASSET_SYMBOL_EXTENSIONS = YES;
				CLANG_ANALYZER_NONNULL = YES;
				CLANG_ANALYZER_NUMBER_OBJECT_CONVERSION = YES_AGGRESSIVE;
				CLANG_CXX_LANGUAGE_STANDARD = "gnu++20";
				CLANG_ENABLE_MODULES = YES;
				CLANG_ENABLE_OBJC_ARC = YES;
				CLANG_ENABLE_OBJC_WEAK = YES;
				CLANG_WARN_BLOCK_CAPTURE_AUTORELEASING = YES;
				CLANG_WARN_BOOL_CONVERSION = YES;
				CLANG_WARN_COMMA = YES;
				CLANG_WARN_CONSTANT_CONVERSION = YES;
				CLANG_WARN_DEPRECATED_OBJC_IMPLEMENTATIONS = YES;
				CLANG_WARN_DIRECT_OBJC_ISA_USAGE = YES_ERROR;
				CLANG_WARN_DOCUMENTATION_COMMENTS = YES;
				CLANG_WARN_EMPTY_BODY = YES;
				CLANG_WARN_ENUM_CONVERSION = YES;
				CLANG_WARN_INFINITE_RECURSION = YES;
				CLANG_WARN_INT_CONVERSION = YES;
				CLANG_WARN_NON_LITERAL_NULL_CONVERSION = YES;
				CLANG_WARN_OBJC_IMPLICIT_RETAIN_SELF = YES;
				CLANG_WARN_OBJC_LITERAL_CONVERSION = YES;
				CLANG_WARN_OBJC_ROOT_CLASS = YES_ERROR;
				CLANG_WARN_QUOTED_INCLUDE_IN_FRAMEWORK_HEADER = YES;
				CLANG_WARN_RANGE_LOOP_ANALYSIS = YES;
				CLANG_WARN_STRICT_PROTOTYPES = YES;
				CLANG_WARN_SUSPICIOUS_MOVE = YES;
				CLANG_WARN_UNGUARDED_AVAILABILITY = YES_AGGRESSIVE;
				CLANG_WARN_UNREACHABLE_CODE = YES;
				CLANG_WARN__DUPLICATE_METHOD_MATCH = YES;
				COPY_PHASE_STRIP = NO;
				DEBUG_INFORMATION_FORMAT = dwarf;
				DEVELOPMENT_TEAM = L7RQ7B5F43;
				ENABLE_STRICT_OBJC_MSGSEND = YES;
				ENABLE_TESTABILITY = YES;
				ENABLE_USER_SCRIPT_SANDBOXING = YES;
				GCC_C_LANGUAGE_STANDARD = gnu17;
				GCC_DYNAMIC_NO_PIC = NO;
				GCC_NO_COMMON_BLOCKS = YES;
				GCC_OPTIMIZATION_LEVEL = 0;
				GCC_PREPROCESSOR_DEFINITIONS = (
					"DEBUG=1",
					"$(inherited)",
				);
				GCC_WARN_64_TO_32_BIT_CONVERSION = YES;
				GCC_WARN_ABOUT_RETURN_TYPE = YES_ERROR;
				GCC_WARN_UNDECLARED_SELECTOR = YES;
				GCC_WARN_UNINITIALIZED_AUTOS = YES_AGGRESSIVE;
				GCC_WARN_UNUSED_FUNCTION = YES;
				GCC_WARN_UNUSED_VARIABLE = YES;
				IPHONEOS_DEPLOYMENT_TARGET = 26.0;
				LOCALIZATION_PREFERS_STRING_CATALOGS = YES;
				MTL_ENABLE_DEBUG_INFO = INCLUDE_SOURCE;
				MTL_FAST_MATH = YES;
				ONLY_ACTIVE_ARCH = YES;
				SDKROOT = iphoneos;
				SWIFT_ACTIVE_COMPILATION_CONDITIONS = "DEBUG $(inherited)";
				SWIFT_OPTIMIZATION_LEVEL = "-Onone";
			};
			name = Debug;
		};
		E86622BB2F84230B0005E5AF /* Release */ = {
			isa = XCBuildConfiguration;
			buildSettings = {
				ALWAYS_SEARCH_USER_PATHS = NO;
				ASSETCATALOG_COMPILER_GENERATE_SWIFT_ASSET_SYMBOL_EXTENSIONS = YES;
				CLANG_ANALYZER_NONNULL = YES;
				CLANG_ANALYZER_NUMBER_OBJECT_CONVERSION = YES_AGGRESSIVE;
				CLANG_CXX_LANGUAGE_STANDARD = "gnu++20";
				CLANG_ENABLE_MODULES = YES;
				CLANG_ENABLE_OBJC_ARC = YES;
				CLANG_ENABLE_OBJC_WEAK = YES;
				CLANG_WARN_BLOCK_CAPTURE_AUTORELEASING = YES;
				CLANG_WARN_BOOL_CONVERSION = YES;
				CLANG_WARN_COMMA = YES;
				CLANG_WARN_CONSTANT_CONVERSION = YES;
				CLANG_WARN_DEPRECATED_OBJC_IMPLEMENTATIONS = YES;
				CLANG_WARN_DIRECT_OBJC_ISA_USAGE = YES_ERROR;
				CLANG_WARN_DOCUMENTATION_COMMENTS = YES;
				CLANG_WARN_EMPTY_BODY = YES;
				CLANG_WARN_ENUM_CONVERSION = YES;
				CLANG_WARN_INFINITE_RECURSION = YES;
				CLANG_WARN_INT_CONVERSION = YES;
				CLANG_WARN_NON_LITERAL_NULL_CONVERSION = YES;
				CLANG_WARN_OBJC_IMPLICIT_RETAIN_SELF = YES;
				CLANG_WARN_OBJC_LITERAL_CONVERSION = YES;
				CLANG_WARN_OBJC_ROOT_CLASS = YES_ERROR;
				CLANG_WARN_QUOTED_INCLUDE_IN_FRAMEWORK_HEADER = YES;
				CLANG_WARN_RANGE_LOOP_ANALYSIS = YES;
				CLANG_WARN_STRICT_PROTOTYPES = YES;
				CLANG_WARN_SUSPICIOUS_MOVE = YES;
				CLANG_WARN_UNGUARDED_AVAILABILITY = YES_AGGRESSIVE;
				CLANG_WARN_UNREACHABLE_CODE = YES;
				CLANG_WARN__DUPLICATE_METHOD_MATCH = YES;
				COPY_PHASE_STRIP = NO;
				DEBUG_INFORMATION_FORMAT = "dwarf-with-dsym";
				DEVELOPMENT_TEAM = L7RQ7B5F43;
				ENABLE_NS_ASSERTIONS = NO;
				ENABLE_STRICT_OBJC_MSGSEND = YES;
				ENABLE_USER_SCRIPT_SANDBOXING = YES;
				GCC_C_LANGUAGE_STANDARD = gnu17;
				GCC_NO_COMMON_BLOCKS = YES;
				GCC_WARN_64_TO_32_BIT_CONVERSION = YES;
				GCC_WARN_ABOUT_RETURN_TYPE = YES_ERROR;
				GCC_WARN_UNDECLARED_SELECTOR = YES;
				GCC_WARN_UNINITIALIZED_AUTOS = YES_AGGRESSIVE;
				GCC_WARN_UNUSED_FUNCTION = YES;
				GCC_WARN_UNUSED_VARIABLE = YES;
				IPHONEOS_DEPLOYMENT_TARGET = 26.0;
				LOCALIZATION_PREFERS_STRING_CATALOGS = YES;
				MTL_ENABLE_DEBUG_INFO = NO;
				MTL_FAST_MATH = YES;
				SDKROOT = iphoneos;
				SWIFT_COMPILATION_MODE = wholemodule;
				VALIDATE_PRODUCT = YES;
			};
			name = Release;
		};
		E86622BD2F84230B0005E5AF /* Debug */ = {
			isa = XCBuildConfiguration;
			buildSettings = {
				ASSETCATALOG_COMPILER_APPICON_NAME = AppIcon;
				ASSETCATALOG_COMPILER_GLOBAL_ACCENT_COLOR_NAME = AccentColor;
				ASSETCATALOG_COMPILER_INCLUDE_ALL_APPICON_ASSETS = NO;
				CODE_SIGN_STYLE = Automatic;
				CURRENT_PROJECT_VERSION = 1;
				DEVELOPMENT_TEAM = L7RQ7B5F43;
				ENABLE_PREVIEWS = YES;
				GENERATE_INFOPLIST_FILE = YES;
				INFOPLIST_KEY_UIApplicationSceneManifest_Generation = YES;
				INFOPLIST_KEY_UIApplicationSupportsIndirectInputEvents = YES;
				INFOPLIST_KEY_UILaunchScreen_Generation = YES;
				INFOPLIST_KEY_UILaunchStoryboardName = LaunchScreen.storyboard;
				INFOPLIST_KEY_UISupportedInterfaceOrientations_iPad = "UIInterfaceOrientationPortrait UIInterfaceOrientationPortraitUpsideDown UIInterfaceOrientationLandscapeLeft UIInterfaceOrientationLandscapeRight";
				INFOPLIST_KEY_UISupportedInterfaceOrientations_iPhone = "UIInterfaceOrientationPortrait UIInterfaceOrientationLandscapeLeft UIInterfaceOrientationLandscapeRight";
				LD_RUNPATH_SEARCH_PATHS = (
					"$(inherited)",
					"@executable_path/Frameworks",
				);
				MARKETING_VERSION = 1.0;
				PRODUCT_BUNDLE_IDENTIFIER = com.manu.kode.FrasesMotivacionales;
				PRODUCT_NAME = "$(TARGET_NAME)";
				STRING_CATALOG_GENERATE_SYMBOLS = YES;
				SWIFT_APPROACHABLE_CONCURRENCY = YES;
				SWIFT_DEFAULT_ACTOR_ISOLATION = MainActor;
				SWIFT_EMIT_LOC_STRINGS = YES;
				SWIFT_UPCOMING_FEATURE_MEMBER_IMPORT_VISIBILITY = YES;
				SWIFT_VERSION = 5.0;
				TARGETED_DEVICE_FAMILY = "1,2";
			};
			name = Debug;
		};
		E86622BE2F84230B0005E5AF /* Release */ = {
			isa = XCBuildConfiguration;
			buildSettings = {
				ASSETCATALOG_COMPILER_APPICON_NAME = AppIcon;
				ASSETCATALOG_COMPILER_GLOBAL_ACCENT_COLOR_NAME = AccentColor;
				ASSETCATALOG_COMPILER_INCLUDE_ALL_APPICON_ASSETS = NO;
				CODE_SIGN_STYLE = Automatic;
				CURRENT_PROJECT_VERSION = 1;
				DEVELOPMENT_TEAM = L7RQ7B5F43;
				ENABLE_PREVIEWS = YES;
				GENERATE_INFOPLIST_FILE = YES;
				INFOPLIST_KEY_UIApplicationSceneManifest_Generation = YES;
				INFOPLIST_KEY_UIApplicationSupportsIndirectInputEvents = YES;
				INFOPLIST_KEY_UILaunchScreen_Generation = YES;
				INFOPLIST_KEY_UILaunchStoryboardName = LaunchScreen.storyboard;
				INFOPLIST_KEY_UISupportedInterfaceOrientations_iPad = "UIInterfaceOrientationPortrait UIInterfaceOrientationPortraitUpsideDown UIInterfaceOrientationLandscapeLeft UIInterfaceOrientationLandscapeRight";
				INFOPLIST_KEY_UISupportedInterfaceOrientations_iPhone = "UIInterfaceOrientationPortrait UIInterfaceOrientationLandscapeLeft UIInterfaceOrientationLandscapeRight";
				LD_RUNPATH_SEARCH_PATHS = (
					"$(inherited)",
					"@executable_path/Frameworks",
				);
				MARKETING_VERSION = 1.0;
				PRODUCT_BUNDLE_IDENTIFIER = com.manu.kode.FrasesMotivacionales;
				PRODUCT_NAME = "$(TARGET_NAME)";
				STRING_CATALOG_GENERATE_SYMBOLS = YES;
				SWIFT_APPROACHABLE_CONCURRENCY = YES;
				SWIFT_DEFAULT_ACTOR_ISOLATION = MainActor;
				SWIFT_EMIT_LOC_STRINGS = YES;
				SWIFT_UPCOMING_FEATURE_MEMBER_IMPORT_VISIBILITY = YES;
				SWIFT_VERSION = 5.0;
				TARGETED_DEVICE_FAMILY = "1,2";
			};
			name = Release;
		};
		E86622C02F84230B0005E5AF /* Debug */ = {
			isa = XCBuildConfiguration;
			buildSettings = {
				BUNDLE_LOADER = "$(TEST_HOST)";
				CODE_SIGN_STYLE = Automatic;
				CURRENT_PROJECT_VERSION = 1;
				DEVELOPMENT_TEAM = L7RQ7B5F43;
				GENERATE_INFOPLIST_FILE = YES;
				IPHONEOS_DEPLOYMENT_TARGET = 26.0;
				MARKETING_VERSION = 1.0;
				PRODUCT_BUNDLE_IDENTIFIER = com.manu.kode.FrasesMotivacionalesTests;
				PRODUCT_NAME = "$(TARGET_NAME)";
				STRING_CATALOG_GENERATE_SYMBOLS = NO;
				SWIFT_APPROACHABLE_CONCURRENCY = YES;
				SWIFT_EMIT_LOC_STRINGS = NO;
				SWIFT_UPCOMING_FEATURE_MEMBER_IMPORT_VISIBILITY = YES;
				SWIFT_VERSION = 5.0;
				TARGETED_DEVICE_FAMILY = "1,2";
				TEST_HOST = "$(BUILT_PRODUCTS_DIR)/FrasesMotivacionales.app/$(BUNDLE_EXECUTABLE_FOLDER_PATH)/FrasesMotivacionales";
			};
			name = Debug;
		};
		E86622C12F84230B0005E5AF /* Release */ = {
			isa = XCBuildConfiguration;
			buildSettings = {
				BUNDLE_LOADER = "$(TEST_HOST)";
				CODE_SIGN_STYLE = Automatic;
				CURRENT_PROJECT_VERSION = 1;
				DEVELOPMENT_TEAM = L7RQ7B5F43;
				GENERATE_INFOPLIST_FILE = YES;
				IPHONEOS_DEPLOYMENT_TARGET = 26.0;
				MARKETING_VERSION = 1.0;
				PRODUCT_BUNDLE_IDENTIFIER = com.manu.kode.FrasesMotivacionalesTests;
				PRODUCT_NAME = "$(TARGET_NAME)";
				STRING_CATALOG_GENERATE_SYMBOLS = NO;
				SWIFT_APPROACHABLE_CONCURRENCY = YES;
				SWIFT_EMIT_LOC_STRINGS = NO;
				SWIFT_UPCOMING_FEATURE_MEMBER_IMPORT_VISIBILITY = YES;
				SWIFT_VERSION = 5.0;
				TARGETED_DEVICE_FAMILY = "1,2";
				TEST_HOST = "$(BUILT_PRODUCTS_DIR)/FrasesMotivacionales.app/$(BUNDLE_EXECUTABLE_FOLDER_PATH)/FrasesMotivacionales";
			};
			name = Release;
		};
		E86622C32F84230B0005E5AF /* Debug */ = {
			isa = XCBuildConfiguration;
			buildSettings = {
				CODE_SIGN_STYLE = Automatic;
				CURRENT_PROJECT_VERSION = 1;
				DEVELOPMENT_TEAM = L7RQ7B5F43;
				GENERATE_INFOPLIST_FILE = YES;
				MARKETING_VERSION = 1.0;
				PRODUCT_BUNDLE_IDENTIFIER = com.manu.kode.FrasesMotivacionalesUITests;
				PRODUCT_NAME = "$(TARGET_NAME)";
				STRING_CATALOG_GENERATE_SYMBOLS = NO;
				SWIFT_APPROACHABLE_CONCURRENCY = YES;
				SWIFT_EMIT_LOC_STRINGS = NO;
				SWIFT_UPCOMING_FEATURE_MEMBER_IMPORT_VISIBILITY = YES;
				SWIFT_VERSION = 5.0;
				TARGETED_DEVICE_FAMILY = "1,2";
				TEST_TARGET_NAME = FrasesMotivacionales;
			};
			name = Debug;
		};
		E86622C42F84230B0005E5AF /* Release */ = {
			isa = XCBuildConfiguration;
			buildSettings = {
				CODE_SIGN_STYLE = Automatic;
				CURRENT_PROJECT_VERSION = 1;
				DEVELOPMENT_TEAM = L7RQ7B5F43;
				GENERATE_INFOPLIST_FILE = YES;
				MARKETING_VERSION = 1.0;
				PRODUCT_BUNDLE_IDENTIFIER = com.manu.kode.FrasesMotivacionalesUITests;
				PRODUCT_NAME = "$(TARGET_NAME)";
				STRING_CATALOG_GENERATE_SYMBOLS = NO;
				SWIFT_APPROACHABLE_CONCURRENCY = YES;
				SWIFT_EMIT_LOC_STRINGS = NO;
				SWIFT_UPCOMING_FEATURE_MEMBER_IMPORT_VISIBILITY = YES;
				SWIFT_VERSION = 5.0;
				TARGETED_DEVICE_FAMILY = "1,2";
				TEST_TARGET_NAME = FrasesMotivacionales;
			};
			name = Release;
		};
/* End XCBuildConfiguration section */

/* Begin XCConfigurationList section */
		E86622942F84230A0005E5AF /* Build configuration list for PBXProject "FrasesMotivacionales" */ = {
			isa = XCConfigurationList;
			buildConfigurations = (
				E86622BA2F84230B0005E5AF /* Debug */,
				E86622BB2F84230B0005E5AF /* Release */,
			);
			defaultConfigurationIsVisible = 0;
			defaultConfigurationName = Release;
		};
		E86622BC2F84230B0005E5AF /* Build configuration list for PBXNativeTarget "FrasesMotivacionales" */ = {
			isa = XCConfigurationList;
			buildConfigurations = (
				E86622BD2F84230B0005E5AF /* Debug */,
				E86622BE2F84230B0005E5AF /* Release */,
			);
			defaultConfigurationIsVisible = 0;
			defaultConfigurationName = Release;
		};
		E86622BF2F84230B0005E5AF /* Build configuration list for PBXNativeTarget "FrasesMotivacionalesTests" */ = {
			isa = XCConfigurationList;
			buildConfigurations = (
				E86622C02F84230B0005E5AF /* Debug */,
				E86622C12F84230B0005E5AF /* Release */,
			);
			defaultConfigurationIsVisible = 0;
			defaultConfigurationName = Release;
		};
		E86622C22F84230B0005E5AF /* Build configuration list for PBXNativeTarget "FrasesMotivacionalesUITests" */ = {
			isa = XCConfigurationList;
			buildConfigurations = (
				E86622C32F84230B0005E5AF /* Debug */,
				E86622C42F84230B0005E5AF /* Release */,
			);
			defaultConfigurationIsVisible = 0;
			defaultConfigurationName = Release;
		};
/* End XCConfigurationList section */
	};
	rootObject = E86622912F84230A0005E5AF /* Project object */;
}
